
Microsoft Visual Studio Solution File, Format Version 12.00
# Visual Studio Version 16
VisualStudioVersion = 16.0.30804.86
MinimumVisualStudioVersion = 10.0.40219.1
Project("{8BC9CEB8-8B4A-11D0-8D11-00A0C91BC942}") = "SeekerFilesystem", "SeekerFilesystem\SeekerFilesystem.vcxproj", "{8809F665-AE62-4FB6-97E1-8514CB3EFBAA}"
EndProject
Project("{9A19103F-16F7-4668-BE54-9A1E7A4F7556}") = "SeekerCore", "SeekerCore\SeekerCore.csproj", "{6D3EB7E2-F559-4DA3-852C-DFB7A293B849}"
EndProject
Global
	GlobalSection(SolutionConfigurationPlatforms) = preSolution
		Debug|Any CPU = Debug|Any CPU
		Debug|x64 = Debug|x64
		Debug|x86 = Debug|x86
		Release|Any CPU = Release|Any CPU
		Release|x64 = Release|x64
		Release|x86 = Release|x86
	EndGlobalSection
	GlobalSection(ProjectConfigurationPlatforms) = postSolution
		{8809F665-AE62-4FB6-97E1-8514CB3EFBAA}.Debug|Any CPU.ActiveCfg = Debug|x64
		{8809F665-AE62-4FB6-97E1-8514CB3EFBAA}.Debug|Any CPU.Build.0 = Debug|x64
		{8809F665-AE62-4FB6-97E1-8514CB3EFBAA}.Debug|x64.ActiveCfg = Debug|x64
		{8809F665-AE62-4FB6-97E1-8514CB3EFBAA}.Debug|x64.Build.0 = Debug|x64
		{8809F665-AE62-4FB6-97E1-8514CB3EFBAA}.Debug|x86.ActiveCfg = Debug|Win32
		{8809F665-AE62-4FB6-97E1-8514CB3EFBAA}.Debug|x86.Build.0 = Debug|Win32
		{8809F665-AE62-4FB6-97E1-8514CB3EFBAA}.Release|Any CPU.ActiveCfg = Release|x64
		{8809F665-AE62-4FB6-97E1-8514CB3EFBAA}.Release|Any CPU.Build.0 = Release|x64
		{8809F665-AE62-4FB6-97E1-8514CB3EFBAA}.Release|x64.ActiveCfg = Release|x64
		{8809F665-AE62-4FB6-97E1-8514CB3EFBAA}.Release|x64.Build.0 = Release|x64
		{8809F665-AE62-4FB6-97E1-8514CB3EFBAA}.Release|x86.ActiveCfg = Release|Win32
		{8809F665-AE62-4FB6-97E1-8514CB3EFBAA}.Release|x86.Build.0 = Release|Win32
		{6D3EB7E2-F559-4DA3-852C-DFB7A293B849}.Debug|Any CPU.ActiveCfg = Debug|Any CPU
		{6D3EB7E2-F559-4DA3-852C-DFB7A293B849}.Debug|Any CPU.Build.0 = Debug|Any CPU
		{6D3EB7E2-F559-4DA3-852C-DFB7A293B849}.Debug|x64.ActiveCfg = Debug|Any CPU
		{6D3EB7E2-F559-4DA3-852C-DFB7A293B849}.Debug|x64.Build.0 = Debug|Any CPU
		{6D3EB7E2-F559-4DA3-852C-DFB7A293B849}.Debug|x86.ActiveCfg = Debug|Any CPU
		{6D3EB7E2-F559-4DA3-852C-DFB7A293B849}.Debug|x86.Build.0 = Debug|Any CPU
		{6D3EB7E2-F559-4DA3-852C-DFB7A293B849}.Release|Any CPU.ActiveCfg = Release|Any CPU
		{6D3EB7E2-F559-4DA3-852C-DFB7A293B849}.Release|Any CPU.Build.0 = Release|Any CPU
		{6D3EB7E2-F559-4DA3-852C-DFB7A293B849}.Release|x64.ActiveCfg = Release|Any CPU
		{6D3EB7E2-F559-4DA3-852C-DFB7A293B849}.Release|x64.Build.0 = Release|Any CPU
		{6D3EB7E2-F559-4DA3-852C-DFB7A293B849}.Release|x86.ActiveCfg = Release|Any CPU
		{6D3EB7E2-F559-4DA3-852C-DFB7A293B849}.Release|x86.Build.0 = Release|Any CPU
	EndGlobalSection
	GlobalSection(SolutionProperties) = preSolution
		HideSolutionNode = FALSE
	EndGlobalSection
	GlobalSection(ExtensibilityGlobals) = postSolution
		SolutionGuid = {0E0F8650-A041-4D67-8EDB-A8265A77CD7A}
	EndGlobalSection
EndGlobal
